
Microsoft Visual Studio Solution File, Format Version 12.00
# Visual Studio Version 16
VisualStudioVersion = 16.0.29102.190
MinimumVisualStudioVersion = 10.0.40219.1
Project("{8BC9CEB8-8B4A-11D0-8D11-00A0C91BC942}") = "SmartRenameLib", "SmartRenameLib\SmartRenameLib.vcxproj", "{51920F1F-C28C-4ADF-8660-4238766796C2}"
EndProject
Project("{8BC9CEB8-8B4A-11D0-8D11-00A0C91BC942}") = "SmartRenameUnitTests", "SmartRenameLibUnitTests\SmartRenameLibUnitTests.vcxproj", "{2151F984-E006-4A9F-92EF-C6DDE3DC8413}"
	ProjectSection(ProjectDependencies) = postProject
		{0E072714-D127-460B-AFAD-B4C40B412798} = {0E072714-D127-460B-AFAD-B4C40B412798}
		{51920F1F-C28C-4ADF-8660-4238766796C2} = {51920F1F-C28C-4ADF-8660-4238766796C2}
	EndProjectSection
EndProject
Project("{8BC9CEB8-8B4A-11D0-8D11-00A0C91BC942}") = "SmartRenameExt", "SmartRenameExt\SmartRenameExt.vcxproj", "{B25AC7A5-FB9F-4789-B392-D5C85E948670}"
	ProjectSection(ProjectDependencies) = postProject
		{0E072714-D127-460B-AFAD-B4C40B412798} = {0E072714-D127-460B-AFAD-B4C40B412798}
		{51920F1F-C28C-4ADF-8660-4238766796C2} = {51920F1F-C28C-4ADF-8660-4238766796C2}
	EndProjectSection
EndProject
Project("{8BC9CEB8-8B4A-11D0-8D11-00A0C91BC942}") = "SmartRenameUI", "SmartRenameUI\SmartRenameUI.vcxproj", "{0E072714-D127-460B-AFAD-B4C40B412798}"
EndProject
Project("{8BC9CEB8-8B4A-11D0-8D11-00A0C91BC942}") = "SmartRenameTest", "SmartRenameTest\SmartRenameTest.vcxproj", "{A3935CF4-46C5-4A88-84D3-6B12E16E6BA2}"
	ProjectSection(ProjectDependencies) = postProject
		{0E072714-D127-460B-AFAD-B4C40B412798} = {0E072714-D127-460B-AFAD-B4C40B412798}
		{51920F1F-C28C-4ADF-8660-4238766796C2} = {51920F1F-C28C-4ADF-8660-4238766796C2}
	EndProjectSection
EndProject
Project("{54435603-DBB4-11D2-8724-00A0C9A8B90C}") = "SmartRenameInstaller", "SmartRenameInstaller\SmartRenameInstaller.vdproj", "{E8D85A3E-5ABA-49FE-A428-7C9665425305}"
	ProjectSection(ProjectDependencies) = postProject
		{0E072714-D127-460B-AFAD-B4C40B412798} = {0E072714-D127-460B-AFAD-B4C40B412798}
		{51920F1F-C28C-4ADF-8660-4238766796C2} = {51920F1F-C28C-4ADF-8660-4238766796C2}
	EndProjectSection
EndProject
Global
	GlobalSection(SolutionConfigurationPlatforms) = preSolution
		Debug|x64 = Debug|x64
		Debug|x86 = Debug|x86
		Release|x64 = Release|x64
		Release|x86 = Release|x86
	EndGlobalSection
	GlobalSection(ProjectConfigurationPlatforms) = postSolution
		{51920F1F-C28C-4ADF-8660-4238766796C2}.Debug|x64.ActiveCfg = Debug|x64
		{51920F1F-C28C-4ADF-8660-4238766796C2}.Debug|x64.Build.0 = Debug|x64
		{51920F1F-C28C-4ADF-8660-4238766796C2}.Debug|x86.ActiveCfg = Debug|Win32
		{51920F1F-C28C-4ADF-8660-4238766796C2}.Debug|x86.Build.0 = Debug|Win32
		{51920F1F-C28C-4ADF-8660-4238766796C2}.Release|x64.ActiveCfg = Release|x64
		{51920F1F-C28C-4ADF-8660-4238766796C2}.Release|x64.Build.0 = Release|x64
		{51920F1F-C28C-4ADF-8660-4238766796C2}.Release|x86.ActiveCfg = Release|Win32
		{51920F1F-C28C-4ADF-8660-4238766796C2}.Release|x86.Build.0 = Release|Win32
		{2151F984-E006-4A9F-92EF-C6DDE3DC8413}.Debug|x64.ActiveCfg = Debug|x64
		{2151F984-E006-4A9F-92EF-C6DDE3DC8413}.Debug|x64.Build.0 = Debug|x64
		{2151F984-E006-4A9F-92EF-C6DDE3DC8413}.Debug|x86.ActiveCfg = Debug|Win32
		{2151F984-E006-4A9F-92EF-C6DDE3DC8413}.Debug|x86.Build.0 = Debug|Win32
		{2151F984-E006-4A9F-92EF-C6DDE3DC8413}.Release|x64.ActiveCfg = Release|x64
		{2151F984-E006-4A9F-92EF-C6DDE3DC8413}.Release|x64.Build.0 = Release|x64
		{2151F984-E006-4A9F-92EF-C6DDE3DC8413}.Release|x86.ActiveCfg = Release|Win32
		{2151F984-E006-4A9F-92EF-C6DDE3DC8413}.Release|x86.Build.0 = Release|Win32
		{B25AC7A5-FB9F-4789-B392-D5C85E948670}.Debug|x64.ActiveCfg = Debug|x64
		{B25AC7A5-FB9F-4789-B392-D5C85E948670}.Debug|x64.Build.0 = Debug|x64
		{B25AC7A5-FB9F-4789-B392-D5C85E948670}.Debug|x86.ActiveCfg = Debug|Win32
		{B25AC7A5-FB9F-4789-B392-D5C85E948670}.Debug|x86.Build.0 = Debug|Win32
		{B25AC7A5-FB9F-4789-B392-D5C85E948670}.Release|x64.ActiveCfg = Release|x64
		{B25AC7A5-FB9F-4789-B392-D5C85E948670}.Release|x64.Build.0 = Release|x64
		{B25AC7A5-FB9F-4789-B392-D5C85E948670}.Release|x86.ActiveCfg = Release|Win32
		{B25AC7A5-FB9F-4789-B392-D5C85E948670}.Release|x86.Build.0 = Release|Win32
		{0E072714-D127-460B-AFAD-B4C40B412798}.Debug|x64.ActiveCfg = Debug|x64
		{0E072714-D127-460B-AFAD-B4C40B412798}.Debug|x64.Build.0 = Debug|x64
		{0E072714-D127-460B-AFAD-B4C40B412798}.Debug|x86.ActiveCfg = Debug|Win32
		{0E072714-D127-460B-AFAD-B4C40B412798}.Debug|x86.Build.0 = Debug|Win32
		{0E072714-D127-460B-AFAD-B4C40B412798}.Release|x64.ActiveCfg = Release|x64
		{0E072714-D127-460B-AFAD-B4C40B412798}.Release|x64.Build.0 = Release|x64
		{0E072714-D127-460B-AFAD-B4C40B412798}.Release|x86.ActiveCfg = Release|Win32
		{0E072714-D127-460B-AFAD-B4C40B412798}.Release|x86.Build.0 = Release|Win32
		{A3935CF4-46C5-4A88-84D3-6B12E16E6BA2}.Debug|x64.ActiveCfg = Debug|x64
		{A3935CF4-46C5-4A88-84D3-6B12E16E6BA2}.Debug|x64.Build.0 = Debug|x64
		{A3935CF4-46C5-4A88-84D3-6B12E16E6BA2}.Debug|x86.ActiveCfg = Debug|Win32
		{A3935CF4-46C5-4A88-84D3-6B12E16E6BA2}.Debug|x86.Build.0 = Debug|Win32
		{A3935CF4-46C5-4A88-84D3-6B12E16E6BA2}.Release|x64.ActiveCfg = Release|x64
		{A3935CF4-46C5-4A88-84D3-6B12E16E6BA2}.Release|x64.Build.0 = Release|x64
		{A3935CF4-46C5-4A88-84D3-6B12E16E6BA2}.Release|x86.ActiveCfg = Release|Win32
		{A3935CF4-46C5-4A88-84D3-6B12E16E6BA2}.Release|x86.Build.0 = Release|Win32
		{E8D85A3E-5ABA-49FE-A428-7C9665425305}.Debug|x64.ActiveCfg = Debug
		{E8D85A3E-5ABA-49FE-A428-7C9665425305}.Debug|x64.Build.0 = Debug
		{E8D85A3E-5ABA-49FE-A428-7C9665425305}.Debug|x86.ActiveCfg = Debug
		{E8D85A3E-5ABA-49FE-A428-7C9665425305}.Debug|x86.Build.0 = Debug
		{E8D85A3E-5ABA-49FE-A428-7C9665425305}.Release|x64.ActiveCfg = Release
		{E8D85A3E-5ABA-49FE-A428-7C9665425305}.Release|x64.Build.0 = Release
		{E8D85A3E-5ABA-49FE-A428-7C9665425305}.Release|x86.ActiveCfg = Release
		{E8D85A3E-5ABA-49FE-A428-7C9665425305}.Release|x86.Build.0 = Release
	EndGlobalSection
	GlobalSection(SolutionProperties) = preSolution
		HideSolutionNode = FALSE
	EndGlobalSection
	GlobalSection(ExtensibilityGlobals) = postSolution
		SolutionGuid = {3AEE4420-DAC9-41CE-BEEB-962181D17814}
	EndGlobalSection
EndGlobal
